
Microsoft Visual Studio Solution File, Format Version 12.00
# Visual Studio Version 17
VisualStudioVersion = 17.4.33213.308
MinimumVisualStudioVersion = 10.0.40219.1
Project("{8BC9CEB8-8B4A-11D0-8D11-00A0C91BC942}") = "Practice", "Practice\Practice.vcxproj", "{0A6698C7-32D8-41D8-8BBE-53A8DD951393}"
EndProject
Project("{8BC9CEB8-8B4A-11D0-8D11-00A0C91BC942}") = "P02", "P02\P02.vcxproj", "{F70A49F0-0D60-4968-82A1-AAB439BE9E70}"
EndProject
Project("{8BC9CEB8-8B4A-11D0-8D11-00A0C91BC942}") = "P03", "P03\P03.vcxproj", "{358ED421-2CEA-42FC-8D09-EEB23AA06686}"
EndProject
Project("{8BC9CEB8-8B4A-11D0-8D11-00A0C91BC942}") = "P04", "P04\P04.vcxproj", "{93C80EB9-4E72-454B-B5AD-880C1658AE25}"
EndProject
Project("{8BC9CEB8-8B4A-11D0-8D11-00A0C91BC942}") = "P01", "P01\P01.vcxproj", "{AFD42E27-DF91-49FA-B89D-CF4CD22695B6}"
EndProject
Project("{8BC9CEB8-8B4A-11D0-8D11-00A0C91BC942}") = "P05", "P05\P05.vcxproj", "{96E4B398-5C6C-41D3-B213-B68DB21EE438}"
EndProject
Project("{8BC9CEB8-8B4A-11D0-8D11-00A0C91BC942}") = "P06", "P06\P06.vcxproj", "{2572403F-2C79-4748-B6CE-86EE68F60C5F}"
EndProject
Project("{8BC9CEB8-8B4A-11D0-8D11-00A0C91BC942}") = "P07", "P07\P07.vcxproj", "{3499AEF3-494E-4589-99DF-571CEBA96D83}"
EndProject
Project("{8BC9CEB8-8B4A-11D0-8D11-00A0C91BC942}") = "P09", "P09\P09.vcxproj", "{6EA46694-9CCD-431C-B5B5-33440681A197}"
EndProject
Project("{8BC9CEB8-8B4A-11D0-8D11-00A0C91BC942}") = "P10", "P10\P10.vcxproj", "{7C3B870D-0686-49EA-ACC8-DC62D98139AC}"
EndProject
Project("{8BC9CEB8-8B4A-11D0-8D11-00A0C91BC942}") = "P11", "P11\P11.vcxproj", "{25265A68-DEC1-434B-B31C-5C7EF490A2CF}"
EndProject
Project("{8BC9CEB8-8B4A-11D0-8D11-00A0C91BC942}") = "P12", "P12\P12.vcxproj", "{75C783B5-6919-491A-82C7-82313EF92163}"
EndProject
Project("{8BC9CEB8-8B4A-11D0-8D11-00A0C91BC942}") = "P08", "P08\P08.vcxproj", "{BC9BA806-B0E3-4BE5-A405-11A9E4A423E1}"
EndProject
Global
	GlobalSection(SolutionConfigurationPlatforms) = preSolution
		Debug|x64 = Debug|x64
		Debug|x86 = Debug|x86
		Release|x64 = Release|x64
		Release|x86 = Release|x86
	EndGlobalSection
	GlobalSection(ProjectConfigurationPlatforms) = postSolution
		{0A6698C7-32D8-41D8-8BBE-53A8DD951393}.Debug|x64.ActiveCfg = Debug|x64
		{0A6698C7-32D8-41D8-8BBE-53A8DD951393}.Debug|x64.Build.0 = Debug|x64
		{0A6698C7-32D8-41D8-8BBE-53A8DD951393}.Debug|x86.ActiveCfg = Debug|Win32
		{0A6698C7-32D8-41D8-8BBE-53A8DD951393}.Debug|x86.Build.0 = Debug|Win32
		{0A6698C7-32D8-41D8-8BBE-53A8DD951393}.Release|x64.ActiveCfg = Release|x64
		{0A6698C7-32D8-41D8-8BBE-53A8DD951393}.Release|x64.Build.0 = Release|x64
		{0A6698C7-32D8-41D8-8BBE-53A8DD951393}.Release|x86.ActiveCfg = Release|Win32
		{0A6698C7-32D8-41D8-8BBE-53A8DD951393}.Release|x86.Build.0 = Release|Win32
		{F70A49F0-0D60-4968-82A1-AAB439BE9E70}.Debug|x64.ActiveCfg = Debug|x64
		{F70A49F0-0D60-4968-82A1-AAB439BE9E70}.Debug|x64.Build.0 = Debug|x64
		{F70A49F0-0D60-4968-82A1-AAB439BE9E70}.Debug|x86.ActiveCfg = Debug|Win32
		{F70A49F0-0D60-4968-82A1-AAB439BE9E70}.Debug|x86.Build.0 = Debug|Win32
		{F70A49F0-0D60-4968-82A1-AAB439BE9E70}.Release|x64.ActiveCfg = Release|x64
		{F70A49F0-0D60-4968-82A1-AAB439BE9E70}.Release|x64.Build.0 = Release|x64
		{F70A49F0-0D60-4968-82A1-AAB439BE9E70}.Release|x86.ActiveCfg = Release|Win32
		{F70A49F0-0D60-4968-82A1-AAB439BE9E70}.Release|x86.Build.0 = Release|Win32
		{358ED421-2CEA-42FC-8D09-EEB23AA06686}.Debug|x64.ActiveCfg = Debug|x64
		{358ED421-2CEA-42FC-8D09-EEB23AA06686}.Debug|x64.Build.0 = Debug|x64
		{358ED421-2CEA-42FC-8D09-EEB23AA06686}.Debug|x86.ActiveCfg = Debug|Win32
		{358ED421-2CEA-42FC-8D09-EEB23AA06686}.Debug|x86.Build.0 = Debug|Win32
		{358ED421-2CEA-42FC-8D09-EEB23AA06686}.Release|x64.ActiveCfg = Release|x64
		{358ED421-2CEA-42FC-8D09-EEB23AA06686}.Release|x64.Build.0 = Release|x64
		{358ED421-2CEA-42FC-8D09-EEB23AA06686}.Release|x86.ActiveCfg = Release|Win32
		{358ED421-2CEA-42FC-8D09-EEB23AA06686}.Release|x86.Build.0 = Release|Win32
		{93C80EB9-4E72-454B-B5AD-880C1658AE25}.Debug|x64.ActiveCfg = Debug|x64
		{93C80EB9-4E72-454B-B5AD-880C1658AE25}.Debug|x64.Build.0 = Debug|x64
		{93C80EB9-4E72-454B-B5AD-880C1658AE25}.Debug|x86.ActiveCfg = Debug|Win32
		{93C80EB9-4E72-454B-B5AD-880C1658AE25}.Debug|x86.Build.0 = Debug|Win32
		{93C80EB9-4E72-454B-B5AD-880C1658AE25}.Release|x64.ActiveCfg = Release|x64
		{93C80EB9-4E72-454B-B5AD-880C1658AE25}.Release|x64.Build.0 = Release|x64
		{93C80EB9-4E72-454B-B5AD-880C1658AE25}.Release|x86.ActiveCfg = Release|Win32
		{93C80EB9-4E72-454B-B5AD-880C1658AE25}.Release|x86.Build.0 = Release|Win32
		{AFD42E27-DF91-49FA-B89D-CF4CD22695B6}.Debug|x64.ActiveCfg = Debug|x64
		{AFD42E27-DF91-49FA-B89D-CF4CD22695B6}.Debug|x64.Build.0 = Debug|x64
		{AFD42E27-DF91-49FA-B89D-CF4CD22695B6}.Debug|x86.ActiveCfg = Debug|Win32
		{AFD42E27-DF91-49FA-B89D-CF4CD22695B6}.Debug|x86.Build.0 = Debug|Win32
		{AFD42E27-DF91-49FA-B89D-CF4CD22695B6}.Release|x64.ActiveCfg = Release|x64
		{AFD42E27-DF91-49FA-B89D-CF4CD22695B6}.Release|x64.Build.0 = Release|x64
		{AFD42E27-DF91-49FA-B89D-CF4CD22695B6}.Release|x86.ActiveCfg = Release|Win32
		{AFD42E27-DF91-49FA-B89D-CF4CD22695B6}.Release|x86.Build.0 = Release|Win32
		{96E4B398-5C6C-41D3-B213-B68DB21EE438}.Debug|x64.ActiveCfg = Debug|x64
		{96E4B398-5C6C-41D3-B213-B68DB21EE438}.Debug|x64.Build.0 = Debug|x64
		{96E4B398-5C6C-41D3-B213-B68DB21EE438}.Debug|x86.ActiveCfg = Debug|Win32
		{96E4B398-5C6C-41D3-B213-B68DB21EE438}.Debug|x86.Build.0 = Debug|Win32
		{96E4B398-5C6C-41D3-B213-B68DB21EE438}.Release|x64.ActiveCfg = Release|x64
		{96E4B398-5C6C-41D3-B213-B68DB21EE438}.Release|x64.Build.0 = Release|x64
		{96E4B398-5C6C-41D3-B213-B68DB21EE438}.Release|x86.ActiveCfg = Release|Win32
		{96E4B398-5C6C-41D3-B213-B68DB21EE438}.Release|x86.Build.0 = Release|Win32
		{2572403F-2C79-4748-B6CE-86EE68F60C5F}.Debug|x64.ActiveCfg = Debug|x64
		{2572403F-2C79-4748-B6CE-86EE68F60C5F}.Debug|x64.Build.0 = Debug|x64
		{2572403F-2C79-4748-B6CE-86EE68F60C5F}.Debug|x86.ActiveCfg = Debug|Win32
		{2572403F-2C79-4748-B6CE-86EE68F60C5F}.Debug|x86.Build.0 = Debug|Win32
		{2572403F-2C79-4748-B6CE-86EE68F60C5F}.Release|x64.ActiveCfg = Release|x64
		{2572403F-2C79-4748-B6CE-86EE68F60C5F}.Release|x64.Build.0 = Release|x64
		{2572403F-2C79-4748-B6CE-86EE68F60C5F}.Release|x86.ActiveCfg = Release|Win32
		{2572403F-2C79-4748-B6CE-86EE68F60C5F}.Release|x86.Build.0 = Release|Win32
		{3499AEF3-494E-4589-99DF-571CEBA96D83}.Debug|x64.ActiveCfg = Debug|x64
		{3499AEF3-494E-4589-99DF-571CEBA96D83}.Debug|x64.Build.0 = Debug|x64
		{3499AEF3-494E-4589-99DF-571CEBA96D83}.Debug|x86.ActiveCfg = Debug|Win32
		{3499AEF3-494E-4589-99DF-571CEBA96D83}.Debug|x86.Build.0 = Debug|Win32
		{3499AEF3-494E-4589-99DF-571CEBA96D83}.Release|x64.ActiveCfg = Release|x64
		{3499AEF3-494E-4589-99DF-571CEBA96D83}.Release|x64.Build.0 = Release|x64
		{3499AEF3-494E-4589-99DF-571CEBA96D83}.Release|x86.ActiveCfg = Release|Win32
		{3499AEF3-494E-4589-99DF-571CEBA96D83}.Release|x86.Build.0 = Release|Win32
		{6EA46694-9CCD-431C-B5B5-33440681A197}.Debug|x64.ActiveCfg = Debug|x64
		{6EA46694-9CCD-431C-B5B5-33440681A197}.Debug|x64.Build.0 = Debug|x64
		{6EA46694-9CCD-431C-B5B5-33440681A197}.Debug|x86.ActiveCfg = Debug|Win32
		{6EA46694-9CCD-431C-B5B5-33440681A197}.Debug|x86.Build.0 = Debug|Win32
		{6EA46694-9CCD-431C-B5B5-33440681A197}.Release|x64.ActiveCfg = Release|x64
		{6EA46694-9CCD-431C-B5B5-33440681A197}.Release|x64.Build.0 = Release|x64
		{6EA46694-9CCD-431C-B5B5-33440681A197}.Release|x86.ActiveCfg = Release|Win32
		{6EA46694-9CCD-431C-B5B5-33440681A197}.Release|x86.Build.0 = Release|Win32
		{7C3B870D-0686-49EA-ACC8-DC62D98139AC}.Debug|x64.ActiveCfg = Debug|x64
		{7C3B870D-0686-49EA-ACC8-DC62D98139AC}.Debug|x64.Build.0 = Debug|x64
		{7C3B870D-0686-49EA-ACC8-DC62D98139AC}.Debug|x86.ActiveCfg = Debug|Win32
		{7C3B870D-0686-49EA-ACC8-DC62D98139AC}.Debug|x86.Build.0 = Debug|Win32
		{7C3B870D-0686-49EA-ACC8-DC62D98139AC}.Release|x64.ActiveCfg = Release|x64
		{7C3B870D-0686-49EA-ACC8-DC62D98139AC}.Release|x64.Build.0 = Release|x64
		{7C3B870D-0686-49EA-ACC8-DC62D98139AC}.Release|x86.ActiveCfg = Release|Win32
		{7C3B870D-0686-49EA-ACC8-DC62D98139AC}.Release|x86.Build.0 = Release|Win32
		{25265A68-DEC1-434B-B31C-5C7EF490A2CF}.Debug|x64.ActiveCfg = Debug|x64
		{25265A68-DEC1-434B-B31C-5C7EF490A2CF}.Debug|x64.Build.0 = Debug|x64
		{25265A68-DEC1-434B-B31C-5C7EF490A2CF}.Debug|x86.ActiveCfg = Debug|Win32
		{25265A68-DEC1-434B-B31C-5C7EF490A2CF}.Debug|x86.Build.0 = Debug|Win32
		{25265A68-DEC1-434B-B31C-5C7EF490A2CF}.Release|x64.ActiveCfg = Release|x64
		{25265A68-DEC1-434B-B31C-5C7EF490A2CF}.Release|x64.Build.0 = Release|x64
		{25265A68-DEC1-434B-B31C-5C7EF490A2CF}.Release|x86.ActiveCfg = Release|Win32
		{25265A68-DEC1-434B-B31C-5C7EF490A2CF}.Release|x86.Build.0 = Release|Win32
		{75C783B5-6919-491A-82C7-82313EF92163}.Debug|x64.ActiveCfg = Debug|x64
		{75C783B5-6919-491A-82C7-82313EF92163}.Debug|x64.Build.0 = Debug|x64
		{75C783B5-6919-491A-82C7-82313EF92163}.Debug|x86.ActiveCfg = Debug|Win32
		{75C783B5-6919-491A-82C7-82313EF92163}.Debug|x86.Build.0 = Debug|Win32
		{75C783B5-6919-491A-82C7-82313EF92163}.Release|x64.ActiveCfg = Release|x64
		{75C783B5-6919-491A-82C7-82313EF92163}.Release|x64.Build.0 = Release|x64
		{75C783B5-6919-491A-82C7-82313EF92163}.Release|x86.ActiveCfg = Release|Win32
		{75C783B5-6919-491A-82C7-82313EF92163}.Release|x86.Build.0 = Release|Win32
		{BC9BA806-B0E3-4BE5-A405-11A9E4A423E1}.Debug|x64.ActiveCfg = Debug|x64
		{BC9BA806-B0E3-4BE5-A405-11A9E4A423E1}.Debug|x64.Build.0 = Debug|x64
		{BC9BA806-B0E3-4BE5-A405-11A9E4A423E1}.Debug|x86.ActiveCfg = Debug|Win32
		{BC9BA806-B0E3-4BE5-A405-11A9E4A423E1}.Debug|x86.Build.0 = Debug|Win32
		{BC9BA806-B0E3-4BE5-A405-11A9E4A423E1}.Release|x64.ActiveCfg = Release|x64
		{BC9BA806-B0E3-4BE5-A405-11A9E4A423E1}.Release|x64.Build.0 = Release|x64
		{BC9BA806-B0E3-4BE5-A405-11A9E4A423E1}.Release|x86.ActiveCfg = Release|Win32
		{BC9BA806-B0E3-4BE5-A405-11A9E4A423E1}.Release|x86.Build.0 = Release|Win32
	EndGlobalSection
	GlobalSection(SolutionProperties) = preSolution
		HideSolutionNode = FALSE
	EndGlobalSection
	GlobalSection(ExtensibilityGlobals) = postSolution
		SolutionGuid = {4FE34FCA-7DDD-4742-AA42-BCB4D413B875}
	EndGlobalSection
EndGlobal
