
Microsoft Visual Studio Solution File, Format Version 12.00
# Visual Studio Version 17
VisualStudioVersion = 17.4.33213.308
MinimumVisualStudioVersion = 10.0.40219.1
Project("{8BC9CEB8-8B4A-11D0-8D11-00A0C91BC942}") = "E02-Patrick-Emmons", "E02-Patrick-Emmons\E02-Patrick-Emmons.vcxproj", "{3821EEDE-C8F1-4CEF-B39A-2A2C6E867675}"
EndProject
Global
	GlobalSection(SolutionConfigurationPlatforms) = preSolution
		Debug|x64 = Debug|x64
		Debug|x86 = Debug|x86
		Release|x64 = Release|x64
		Release|x86 = Release|x86
	EndGlobalSection
	GlobalSection(ProjectConfigurationPlatforms) = postSolution
		{3821EEDE-C8F1-4CEF-B39A-2A2C6E867675}.Debug|x64.ActiveCfg = Debug|x64
		{3821EEDE-C8F1-4CEF-B39A-2A2C6E867675}.Debug|x64.Build.0 = Debug|x64
		{3821EEDE-C8F1-4CEF-B39A-2A2C6E867675}.Debug|x86.ActiveCfg = Debug|Win32
		{3821EEDE-C8F1-4CEF-B39A-2A2C6E867675}.Debug|x86.Build.0 = Debug|Win32
		{3821EEDE-C8F1-4CEF-B39A-2A2C6E867675}.Release|x64.ActiveCfg = Release|x64
		{3821EEDE-C8F1-4CEF-B39A-2A2C6E867675}.Release|x64.Build.0 = Release|x64
		{3821EEDE-C8F1-4CEF-B39A-2A2C6E867675}.Release|x86.ActiveCfg = Release|Win32
		{3821EEDE-C8F1-4CEF-B39A-2A2C6E867675}.Release|x86.Build.0 = Release|Win32
	EndGlobalSection
	GlobalSection(SolutionProperties) = preSolution
		HideSolutionNode = FALSE
	EndGlobalSection
	GlobalSection(ExtensibilityGlobals) = postSolution
		SolutionGuid = {4E85292C-6D48-42A7-882D-7313738C5A4C}
	EndGlobalSection
EndGlobal
